
Microsoft Visual Studio Solution File, Format Version 12.00
# Visual Studio Version 17
VisualStudioVersion = 17.5.002.0
MinimumVisualStudioVersion = 10.0.40219.1
Project("{2150E333-8FDC-42A3-9474-1A3956D46DE8}") = "sandbox", "sandbox", "{21427FAC-71A9-4509-9464-5D9681966E39}"
EndProject
Project("{9A19103F-16F7-4668-BE54-9A1E7A4F7556}") = "sandbox_project", "sandbox\sandbox_project\sandbox_project.csproj", "{A8ECD339-F5D8-44A5-A101-5470314816BE}"
EndProject
Project("{2150E333-8FDC-42A3-9474-1A3956D46DE8}") = "week01", "week01", "{95BFAA68-2B43-4575-84EC-98C85019B6B1}"
EndProject
Project("{9A19103F-16F7-4668-BE54-9A1E7A4F7556}") = "analyze", "week01\analyze\analyze.csproj", "{BCC8663B-F15A-43E1-B580-EF6D2F811E9E}"
EndProject
Project("{9A19103F-16F7-4668-BE54-9A1E7A4F7556}") = "code", "week01\code\code.csproj", "{FD519973-979A-493D-A863-26FDAE44E558}"
EndProject
Project("{9A19103F-16F7-4668-BE54-9A1E7A4F7556}") = "teach", "week01\teach\teach.csproj", "{4D653FD4-4F4C-4786-98CD-35455CE2AD6B}"
EndProject
Project("{2150E333-8FDC-42A3-9474-1A3956D46DE8}") = "week02", "week02", "{5E400BD1-1C5B-4A1D-A8E5-F50E77995C01}"
EndProject
Project("{9A19103F-16F7-4668-BE54-9A1E7A4F7556}") = "analyze", "week02\analyze\analyze.csproj", "{9770BDCA-8281-4C78-B2DA-3861EC866A1F}"
EndProject
Project("{9A19103F-16F7-4668-BE54-9A1E7A4F7556}") = "code", "week02\code\code.csproj", "{79DBCFA2-D806-4D11-A124-DF959F7E4FB7}"
EndProject
Project("{9A19103F-16F7-4668-BE54-9A1E7A4F7556}") = "learn", "week02\learn\learn.csproj", "{DAF316D1-FF28-4D17-8F37-88713BA607AB}"
EndProject
Project("{9A19103F-16F7-4668-BE54-9A1E7A4F7556}") = "teach", "week02\teach\teach.csproj", "{B2139B67-DD01-4A5E-90F2-161F8E4D81D3}"
EndProject
Project("{2150E333-8FDC-42A3-9474-1A3956D46DE8}") = "week03", "week03", "{B2EB7012-55F3-4180-947D-02285BD3FF45}"
EndProject
Project("{9A19103F-16F7-4668-BE54-9A1E7A4F7556}") = "code", "week03\code\code.csproj", "{64D7E3A1-00C3-4C4B-9E5A-2B06084CB402}"
EndProject
Project("{9A19103F-16F7-4668-BE54-9A1E7A4F7556}") = "learn", "week03\learn\learn.csproj", "{88E153D6-FB0F-4B1E-B288-E5BC06F5B364}"
EndProject
Project("{9A19103F-16F7-4668-BE54-9A1E7A4F7556}") = "teach", "week03\teach\teach.csproj", "{14C0D2E1-6D01-4CD2-A1A5-03E7F87DE64B}"
EndProject
Project("{2150E333-8FDC-42A3-9474-1A3956D46DE8}") = "week04", "week04", "{135A7B92-FAF0-4B5B-8D12-305C0B444FEC}"
EndProject
Project("{9A19103F-16F7-4668-BE54-9A1E7A4F7556}") = "code", "week04\code\code.csproj", "{8A86CFD0-F4C9-4033-A708-4E9CCB1D0E36}"
EndProject
Project("{2150E333-8FDC-42A3-9474-1A3956D46DE8}") = "week05", "week05", "{6172D0E1-0F0F-440F-8D92-50A747FA6B93}"
EndProject
Project("{9A19103F-16F7-4668-BE54-9A1E7A4F7556}") = "code", "week05\code\code.csproj", "{4EF42107-3218-4038-B18C-A58D43DC4D9D}"
EndProject
Project("{2150E333-8FDC-42A3-9474-1A3956D46DE8}") = "week06", "week06", "{3BAAFB16-3E4D-4FC3-AB08-33E9BDB95782}"
EndProject
Project("{9A19103F-16F7-4668-BE54-9A1E7A4F7556}") = "code", "week06\code\code.csproj", "{18E24DB6-E203-4984-992A-A5592F274D65}"
EndProject
Global
	GlobalSection(SolutionConfigurationPlatforms) = preSolution
		Debug|Any CPU = Debug|Any CPU
		Release|Any CPU = Release|Any CPU
	EndGlobalSection
	GlobalSection(ProjectConfigurationPlatforms) = postSolution
		{A8ECD339-F5D8-44A5-A101-5470314816BE}.Debug|Any CPU.ActiveCfg = Debug|Any CPU
		{A8ECD339-F5D8-44A5-A101-5470314816BE}.Debug|Any CPU.Build.0 = Debug|Any CPU
		{A8ECD339-F5D8-44A5-A101-5470314816BE}.Release|Any CPU.ActiveCfg = Release|Any CPU
		{A8ECD339-F5D8-44A5-A101-5470314816BE}.Release|Any CPU.Build.0 = Release|Any CPU
		{BCC8663B-F15A-43E1-B580-EF6D2F811E9E}.Debug|Any CPU.ActiveCfg = Debug|Any CPU
		{BCC8663B-F15A-43E1-B580-EF6D2F811E9E}.Debug|Any CPU.Build.0 = Debug|Any CPU
		{BCC8663B-F15A-43E1-B580-EF6D2F811E9E}.Release|Any CPU.ActiveCfg = Release|Any CPU
		{BCC8663B-F15A-43E1-B580-EF6D2F811E9E}.Release|Any CPU.Build.0 = Release|Any CPU
		{FD519973-979A-493D-A863-26FDAE44E558}.Debug|Any CPU.ActiveCfg = Debug|Any CPU
		{FD519973-979A-493D-A863-26FDAE44E558}.Debug|Any CPU.Build.0 = Debug|Any CPU
		{FD519973-979A-493D-A863-26FDAE44E558}.Release|Any CPU.ActiveCfg = Release|Any CPU
		{FD519973-979A-493D-A863-26FDAE44E558}.Release|Any CPU.Build.0 = Release|Any CPU
		{4D653FD4-4F4C-4786-98CD-35455CE2AD6B}.Debug|Any CPU.ActiveCfg = Debug|Any CPU
		{4D653FD4-4F4C-4786-98CD-35455CE2AD6B}.Debug|Any CPU.Build.0 = Debug|Any CPU
		{4D653FD4-4F4C-4786-98CD-35455CE2AD6B}.Release|Any CPU.ActiveCfg = Release|Any CPU
		{4D653FD4-4F4C-4786-98CD-35455CE2AD6B}.Release|Any CPU.Build.0 = Release|Any CPU
		{9770BDCA-8281-4C78-B2DA-3861EC866A1F}.Debug|Any CPU.ActiveCfg = Debug|Any CPU
		{9770BDCA-8281-4C78-B2DA-3861EC866A1F}.Debug|Any CPU.Build.0 = Debug|Any CPU
		{9770BDCA-8281-4C78-B2DA-3861EC866A1F}.Release|Any CPU.ActiveCfg = Release|Any CPU
		{9770BDCA-8281-4C78-B2DA-3861EC866A1F}.Release|Any CPU.Build.0 = Release|Any CPU
		{79DBCFA2-D806-4D11-A124-DF959F7E4FB7}.Debug|Any CPU.ActiveCfg = Debug|Any CPU
		{79DBCFA2-D806-4D11-A124-DF959F7E4FB7}.Debug|Any CPU.Build.0 = Debug|Any CPU
		{79DBCFA2-D806-4D11-A124-DF959F7E4FB7}.Release|Any CPU.ActiveCfg = Release|Any CPU
		{79DBCFA2-D806-4D11-A124-DF959F7E4FB7}.Release|Any CPU.Build.0 = Release|Any CPU
		{DAF316D1-FF28-4D17-8F37-88713BA607AB}.Debug|Any CPU.ActiveCfg = Debug|Any CPU
		{DAF316D1-FF28-4D17-8F37-88713BA607AB}.Debug|Any CPU.Build.0 = Debug|Any CPU
		{DAF316D1-FF28-4D17-8F37-88713BA607AB}.Release|Any CPU.ActiveCfg = Release|Any CPU
		{DAF316D1-FF28-4D17-8F37-88713BA607AB}.Release|Any CPU.Build.0 = Release|Any CPU
		{B2139B67-DD01-4A5E-90F2-161F8E4D81D3}.Debug|Any CPU.ActiveCfg = Debug|Any CPU
		{B2139B67-DD01-4A5E-90F2-161F8E4D81D3}.Debug|Any CPU.Build.0 = Debug|Any CPU
		{B2139B67-DD01-4A5E-90F2-161F8E4D81D3}.Release|Any CPU.ActiveCfg = Release|Any CPU
		{B2139B67-DD01-4A5E-90F2-161F8E4D81D3}.Release|Any CPU.Build.0 = Release|Any CPU
		{64D7E3A1-00C3-4C4B-9E5A-2B06084CB402}.Debug|Any CPU.ActiveCfg = Debug|Any CPU
		{64D7E3A1-00C3-4C4B-9E5A-2B06084CB402}.Debug|Any CPU.Build.0 = Debug|Any CPU
		{64D7E3A1-00C3-4C4B-9E5A-2B06084CB402}.Release|Any CPU.ActiveCfg = Release|Any CPU
		{64D7E3A1-00C3-4C4B-9E5A-2B06084CB402}.Release|Any CPU.Build.0 = Release|Any CPU
		{88E153D6-FB0F-4B1E-B288-E5BC06F5B364}.Debug|Any CPU.ActiveCfg = Debug|Any CPU
		{88E153D6-FB0F-4B1E-B288-E5BC06F5B364}.Debug|Any CPU.Build.0 = Debug|Any CPU
		{88E153D6-FB0F-4B1E-B288-E5BC06F5B364}.Release|Any CPU.ActiveCfg = Release|Any CPU
		{88E153D6-FB0F-4B1E-B288-E5BC06F5B364}.Release|Any CPU.Build.0 = Release|Any CPU
		{14C0D2E1-6D01-4CD2-A1A5-03E7F87DE64B}.Debug|Any CPU.ActiveCfg = Debug|Any CPU
		{14C0D2E1-6D01-4CD2-A1A5-03E7F87DE64B}.Debug|Any CPU.Build.0 = Debug|Any CPU
		{14C0D2E1-6D01-4CD2-A1A5-03E7F87DE64B}.Release|Any CPU.ActiveCfg = Release|Any CPU
		{14C0D2E1-6D01-4CD2-A1A5-03E7F87DE64B}.Release|Any CPU.Build.0 = Release|Any CPU
		{8A86CFD0-F4C9-4033-A708-4E9CCB1D0E36}.Debug|Any CPU.ActiveCfg = Debug|Any CPU
		{8A86CFD0-F4C9-4033-A708-4E9CCB1D0E36}.Debug|Any CPU.Build.0 = Debug|Any CPU
		{8A86CFD0-F4C9-4033-A708-4E9CCB1D0E36}.Release|Any CPU.ActiveCfg = Release|Any CPU
		{8A86CFD0-F4C9-4033-A708-4E9CCB1D0E36}.Release|Any CPU.Build.0 = Release|Any CPU
		{4EF42107-3218-4038-B18C-A58D43DC4D9D}.Debug|Any CPU.ActiveCfg = Debug|Any CPU
		{4EF42107-3218-4038-B18C-A58D43DC4D9D}.Debug|Any CPU.Build.0 = Debug|Any CPU
		{4EF42107-3218-4038-B18C-A58D43DC4D9D}.Release|Any CPU.ActiveCfg = Release|Any CPU
		{4EF42107-3218-4038-B18C-A58D43DC4D9D}.Release|Any CPU.Build.0 = Release|Any CPU
		{18E24DB6-E203-4984-992A-A5592F274D65}.Debug|Any CPU.ActiveCfg = Debug|Any CPU
		{18E24DB6-E203-4984-992A-A5592F274D65}.Debug|Any CPU.Build.0 = Debug|Any CPU
		{18E24DB6-E203-4984-992A-A5592F274D65}.Release|Any CPU.ActiveCfg = Release|Any CPU
		{18E24DB6-E203-4984-992A-A5592F274D65}.Release|Any CPU.Build.0 = Release|Any CPU
	EndGlobalSection
	GlobalSection(SolutionProperties) = preSolution
		HideSolutionNode = FALSE
	EndGlobalSection
	GlobalSection(NestedProjects) = preSolution
		{A8ECD339-F5D8-44A5-A101-5470314816BE} = {21427FAC-71A9-4509-9464-5D9681966E39}
		{BCC8663B-F15A-43E1-B580-EF6D2F811E9E} = {95BFAA68-2B43-4575-84EC-98C85019B6B1}
		{FD519973-979A-493D-A863-26FDAE44E558} = {95BFAA68-2B43-4575-84EC-98C85019B6B1}
		{4D653FD4-4F4C-4786-98CD-35455CE2AD6B} = {95BFAA68-2B43-4575-84EC-98C85019B6B1}
		{9770BDCA-8281-4C78-B2DA-3861EC866A1F} = {5E400BD1-1C5B-4A1D-A8E5-F50E77995C01}
		{79DBCFA2-D806-4D11-A124-DF959F7E4FB7} = {5E400BD1-1C5B-4A1D-A8E5-F50E77995C01}
		{DAF316D1-FF28-4D17-8F37-88713BA607AB} = {5E400BD1-1C5B-4A1D-A8E5-F50E77995C01}
		{B2139B67-DD01-4A5E-90F2-161F8E4D81D3} = {5E400BD1-1C5B-4A1D-A8E5-F50E77995C01}
		{64D7E3A1-00C3-4C4B-9E5A-2B06084CB402} = {B2EB7012-55F3-4180-947D-02285BD3FF45}
		{88E153D6-FB0F-4B1E-B288-E5BC06F5B364} = {B2EB7012-55F3-4180-947D-02285BD3FF45}
		{14C0D2E1-6D01-4CD2-A1A5-03E7F87DE64B} = {B2EB7012-55F3-4180-947D-02285BD3FF45}
		{8A86CFD0-F4C9-4033-A708-4E9CCB1D0E36} = {135A7B92-FAF0-4B5B-8D12-305C0B444FEC}
		{4EF42107-3218-4038-B18C-A58D43DC4D9D} = {6172D0E1-0F0F-440F-8D92-50A747FA6B93}
		{18E24DB6-E203-4984-992A-A5592F274D65} = {3BAAFB16-3E4D-4FC3-AB08-33E9BDB95782}
	EndGlobalSection
	GlobalSection(ExtensibilityGlobals) = postSolution
		SolutionGuid = {2F61E504-BA2F-44F1-988B-2BBD82EBAD87}
	EndGlobalSection
EndGlobal
